// !$*UTF8*$!
{
	archiveVersion = 1;
	classes = {
	};
	objectVersion = 56;
	objects = {

/* Begin PBXBuildFile section */
		283537D52B82D34700615596 /* AppDelegate.swift in Sources */ = {isa = PBXBuildFile; fileRef = 283537D42B82D34700615596 /* AppDelegate.swift */; };
		283537D72B82D34700615596 /* SceneDelegate.swift in Sources */ = {isa = PBXBuildFile; fileRef = 283537D62B82D34700615596 /* SceneDelegate.swift */; };
		283537D92B82D34700615596 /* ViewController.swift in Sources */ = {isa = PBXBuildFile; fileRef = 283537D82B82D34700615596 /* ViewController.swift */; };
		283537DC2B82D34700615596 /* Main.storyboard in Resources */ = {isa = PBXBuildFile; fileRef = 283537DA2B82D34700615596 /* Main.storyboard */; };
		283537DF2B82D34700615596 /* Assignment6_TableView_Bigem.xcdatamodeld in Sources */ = {isa = PBXBuildFile; fileRef = 283537DD2B82D34700615596 /* Assignment6_TableView_Bigem.xcdatamodeld */; };
		283537E12B82D34800615596 /* Assets.xcassets in Resources */ = {isa = PBXBuildFile; fileRef = 283537E02B82D34800615596 /* Assets.xcassets */; };
		283537E42B82D34800615596 /* LaunchScreen.storyboard in Resources */ = {isa = PBXBuildFile; fileRef = 283537E22B82D34800615596 /* LaunchScreen.storyboard */; };
/* End PBXBuildFile section */

/* Begin PBXFileReference section */
		283537D12B82D34700615596 /* Assignment6_TableView_Bigem.app */ = {isa = PBXFileReference; explicitFileType = wrapper.application; includeInIndex = 0; path = Assignment6_TableView_Bigem.app; sourceTree = BUILT_PRODUCTS_DIR; };
		283537D42B82D34700615596 /* AppDelegate.swift */ = {isa = PBXFileReference; lastKnownFileType = sourcecode.swift; path = AppDelegate.swift; sourceTree = "<group>"; };
		283537D62B82D34700615596 /* SceneDelegate.swift */ = {isa = PBXFileReference; lastKnownFileType = sourcecode.swift; path = SceneDelegate.swift; sourceTree = "<group>"; };
		283537D82B82D34700615596 /* ViewController.swift */ = {isa = PBXFileReference; lastKnownFileType = sourcecode.swift; path = ViewController.swift; sourceTree = "<group>"; };
		283537DB2B82D34700615596 /* Base */ = {isa = PBXFileReference; lastKnownFileType = file.storyboard; name = Base; path = Base.lproj/Main.storyboard; sourceTree = "<group>"; };
		283537DE2B82D34700615596 /* Assignment6_TableView_Bigem.xcdatamodel */ = {isa = PBXFileReference; lastKnownFileType = wrapper.xcdatamodel; path = Assignment6_TableView_Bigem.xcdatamodel; sourceTree = "<group>"; };
		283537E02B82D34800615596 /* Assets.xcassets */ = {isa = PBXFileReference; lastKnownFileType = folder.assetcatalog; path = Assets.xcassets; sourceTree = "<group>"; };
		283537E32B82D34800615596 /* Base */ = {isa = PBXFileReference; lastKnownFileType = file.storyboard; name = Base; path = Base.lproj/LaunchScreen.storyboard; sourceTree = "<group>"; };
		283537E52B82D34800615596 /* Info.plist */ = {isa = PBXFileReference; lastKnownFileType = text.plist.xml; path = Info.plist; sourceTree = "<group>"; };
/* End PBXFileReference section */

/* Begin PBXFrameworksBuildPhase section */
		283537CE2B82D34700615596 /* Frameworks */ = {
			isa = PBXFrameworksBuildPhase;
			buildActionMask = 2147483647;
			files = (
			);
			runOnlyForDeploymentPostprocessing = 0;
		};
/* End PBXFrameworksBuildPhase section */

/* Begin PBXGroup section */
		283537C82B82D34700615596 = {
			isa = PBXGroup;
			children = (
				283537D32B82D34700615596 /* Assignment6_TableView_Bigem */,
				283537D22B82D34700615596 /* Products */,
			);
			sourceTree = "<group>";
		};
		283537D22B82D34700615596 /* Products */ = {
			isa = PBXGroup;
			children = (
				283537D12B82D34700615596 /* Assignment6_TableView_Bigem.app */,
			);
			name = Products;
			sourceTree = "<group>";
		};
		283537D32B82D34700615596 /* Assignment6_TableView_Bigem */ = {
			isa = PBXGroup;
			children = (
				283537D42B82D34700615596 /* AppDelegate.swift */,
				283537D62B82D34700615596 /* SceneDelegate.swift */,
				283537D82B82D34700615596 /* ViewController.swift */,
				283537DA2B82D34700615596 /* Main.storyboard */,
				283537E02B82D34800615596 /* Assets.xcassets */,
				283537E22B82D34800615596 /* LaunchScreen.storyboard */,
				283537E52B82D34800615596 /* Info.plist */,
				283537DD2B82D34700615596 /* Assignment6_TableView_Bigem.xcdatamodeld */,
			);
			path = Assignment6_TableView_Bigem;
			sourceTree = "<group>";
		};
/* End PBXGroup section */

/* Begin PBXNativeTarget section */
		283537D02B82D34700615596 /* Assignment6_TableView_Bigem */ = {
			isa = PBXNativeTarget;
			buildConfigurationList = 283537E82B82D34800615596 /* Build configuration list for PBXNativeTarget "Assignment6_TableView_Bigem" */;
			buildPhases = (
				283537CD2B82D34700615596 /* Sources */,
				283537CE2B82D34700615596 /* Frameworks */,
				283537CF2B82D34700615596 /* Resources */,
			);
			buildRules = (
			);
			dependencies = (
			);
			name = Assignment6_TableView_Bigem;
			productName = Assignment6_TableView_Bigem;
			productReference = 283537D12B82D34700615596 /* Assignment6_TableView_Bigem.app */;
			productType = "com.apple.product-type.application";
		};
/* End PBXNativeTarget section */

/* Begin PBXProject section */
		283537C92B82D34700615596 /* Project object */ = {
			isa = PBXProject;
			attributes = {
				BuildIndependentTargetsInParallel = 1;
				LastSwiftUpdateCheck = 1420;
				LastUpgradeCheck = 1420;
				TargetAttributes = {
					283537D02B82D34700615596 = {
						CreatedOnToolsVersion = 14.2;
					};
				};
			};
			buildConfigurationList = 283537CC2B82D34700615596 /* Build configuration list for PBXProject "Assignment6_TableView_Bigem" */;
			compatibilityVersion = "Xcode 14.0";
			developmentRegion = en;
			hasScannedForEncodings = 0;
			knownRegions = (
				en,
				Base,
			);
			mainGroup = 283537C82B82D34700615596;
			productRefGroup = 283537D22B82D34700615596 /* Products */;
			projectDirPath = "";
			projectRoot = "";
			targets = (
				283537D02B82D34700615596 /* Assignment6_TableView_Bigem */,
			);
		};
/* End PBXProject section */

/* Begin PBXResourcesBuildPhase section */
		283537CF2B82D34700615596 /* Resources */ = {
			isa = PBXResourcesBuildPhase;
			buildActionMask = 2147483647;
			files = (
				283537E42B82D34800615596 /* LaunchScreen.storyboard in Resources */,
				283537E12B82D34800615596 /* Assets.xcassets in Resources */,
				283537DC2B82D34700615596 /* Main.storyboard in Resources */,
			);
			runOnlyForDeploymentPostprocessing = 0;
		};
/* End PBXResourcesBuildPhase section */

/* Begin PBXSourcesBuildPhase section */
		283537CD2B82D34700615596 /* Sources */ = {
			isa = PBXSourcesBuildPhase;
			buildActionMask = 2147483647;
			files = (
				283537DF2B82D34700615596 /* Assignment6_TableView_Bigem.xcdatamodeld in Sources */,
				283537D92B82D34700615596 /* ViewController.swift in Sources */,
				283537D52B82D34700615596 /* AppDelegate.swift in Sources */,
				283537D72B82D34700615596 /* SceneDelegate.swift in Sources */,
			);
			runOnlyForDeploymentPostprocessing = 0;
		};
/* End PBXSourcesBuildPhase section */

/* Begin PBXVariantGroup section */
		283537DA2B82D34700615596 /* Main.storyboard */ = {
			isa = PBXVariantGroup;
			children = (
				283537DB2B82D34700615596 /* Base */,
			);
			name = Main.storyboard;
			sourceTree = "<group>";
		};
		283537E22B82D34800615596 /* LaunchScreen.storyboard */ = {
			isa = PBXVariantGroup;
			children = (
				283537E32B82D34800615596 /* Base */,
			);
			name = LaunchScreen.storyboard;
			sourceTree = "<group>";
		};
/* End PBXVariantGroup section */

/* Begin XCBuildConfiguration section */
		283537E62B82D34800615596 /* Debug */ = {
			isa = XCBuildConfiguration;
			buildSettings = {
				ALWAYS_SEARCH_USER_PATHS = NO;
				CLANG_ANALYZER_NONNULL = YES;
				CLANG_ANALYZER_NUMBER_OBJECT_CONVERSION = YES_AGGRESSIVE;
				CLANG_CXX_LANGUAGE_STANDARD = "gnu++20";
				CLANG_ENABLE_MODULES = YES;
				CLANG_ENABLE_OBJC_ARC = YES;
				CLANG_ENABLE_OBJC_WEAK = YES;
				CLANG_WARN_BLOCK_CAPTURE_AUTORELEASING = YES;
				CLANG_WARN_BOOL_CONVERSION = YES;
				CLANG_WARN_COMMA = YES;
				CLANG_WARN_CONSTANT_CONVERSION = YES;
				CLANG_WARN_DEPRECATED_OBJC_IMPLEMENTATIONS = YES;
				CLANG_WARN_DIRECT_OBJC_ISA_USAGE = YES_ERROR;
				CLANG_WARN_DOCUMENTATION_COMMENTS = YES;
				CLANG_WARN_EMPTY_BODY = YES;
				CLANG_WARN_ENUM_CONVERSION = YES;
				CLANG_WARN_INFINITE_RECURSION = YES;
				CLANG_WARN_INT_CONVERSION = YES;
				CLANG_WARN_NON_LITERAL_NULL_CONVERSION = YES;
				CLANG_WARN_OBJC_IMPLICIT_RETAIN_SELF = YES;
				CLANG_WARN_OBJC_LITERAL_CONVERSION = YES;
				CLANG_WARN_OBJC_ROOT_CLASS = YES_ERROR;
				CLANG_WARN_QUOTED_INCLUDE_IN_FRAMEWORK_HEADER = YES;
				CLANG_WARN_RANGE_LOOP_ANALYSIS = YES;
				CLANG_WARN_STRICT_PROTOTYPES = YES;
				CLANG_WARN_SUSPICIOUS_MOVE = YES;
				CLANG_WARN_UNGUARDED_AVAILABILITY = YES_AGGRESSIVE;
				CLANG_WARN_UNREACHABLE_CODE = YES;
				CLANG_WARN__DUPLICATE_METHOD_MATCH = YES;
				COPY_PHASE_STRIP = NO;
				DEBUG_INFORMATION_FORMAT = dwarf;
				ENABLE_STRICT_OBJC_MSGSEND = YES;
				ENABLE_TESTABILITY = YES;
				GCC_C_LANGUAGE_STANDARD = gnu11;
				GCC_DYNAMIC_NO_PIC = NO;
				GCC_NO_COMMON_BLOCKS = YES;
				GCC_OPTIMIZATION_LEVEL = 0;
				GCC_PREPROCESSOR_DEFINITIONS = (
					"DEBUG=1",
					"$(inherited)",
				);
				GCC_WARN_64_TO_32_BIT_CONVERSION = YES;
				GCC_WARN_ABOUT_RETURN_TYPE = YES_ERROR;
				GCC_WARN_UNDECLARED_SELECTOR = YES;
				GCC_WARN_UNINITIALIZED_AUTOS = YES_AGGRESSIVE;
				GCC_WARN_UNUSED_FUNCTION = YES;
				GCC_WARN_UNUSED_VARIABLE = YES;
				IPHONEOS_DEPLOYMENT_TARGET = 16.2;
				MTL_ENABLE_DEBUG_INFO = INCLUDE_SOURCE;
				MTL_FAST_MATH = YES;
				ONLY_ACTIVE_ARCH = YES;
				SDKROOT = iphoneos;
				SWIFT_ACTIVE_COMPILATION_CONDITIONS = DEBUG;
				SWIFT_OPTIMIZATION_LEVEL = "-Onone";
			};
			name = Debug;
		};
		283537E72B82D34800615596 /* Release */ = {
			isa = XCBuildConfiguration;
			buildSettings = {
				ALWAYS_SEARCH_USER_PATHS = NO;
				CLANG_ANALYZER_NONNULL = YES;
				CLANG_ANALYZER_NUMBER_OBJECT_CONVERSION = YES_AGGRESSIVE;
				CLANG_CXX_LANGUAGE_STANDARD = "gnu++20";
				CLANG_ENABLE_MODULES = YES;
				CLANG_ENABLE_OBJC_ARC = YES;
				CLANG_ENABLE_OBJC_WEAK = YES;
				CLANG_WARN_BLOCK_CAPTURE_AUTORELEASING = YES;
				CLANG_WARN_BOOL_CONVERSION = YES;
				CLANG_WARN_COMMA = YES;
				CLANG_WARN_CONSTANT_CONVERSION = YES;
				CLANG_WARN_DEPRECATED_OBJC_IMPLEMENTATIONS = YES;
				CLANG_WARN_DIRECT_OBJC_ISA_USAGE = YES_ERROR;
				CLANG_WARN_DOCUMENTATION_COMMENTS = YES;
				CLANG_WARN_EMPTY_BODY = YES;
				CLANG_WARN_ENUM_CONVERSION = YES;
				CLANG_WARN_INFINITE_RECURSION = YES;
				CLANG_WARN_INT_CONVERSION = YES;
				CLANG_WARN_NON_LITERAL_NULL_CONVERSION = YES;
				CLANG_WARN_OBJC_IMPLICIT_RETAIN_SELF = YES;
				CLANG_WARN_OBJC_LITERAL_CONVERSION = YES;
				CLANG_WARN_OBJC_ROOT_CLASS = YES_ERROR;
				CLANG_WARN_QUOTED_INCLUDE_IN_FRAMEWORK_HEADER = YES;
				CLANG_WARN_RANGE_LOOP_ANALYSIS = YES;
				CLANG_WARN_STRICT_PROTOTYPES = YES;
				CLANG_WARN_SUSPICIOUS_MOVE = YES;
				CLANG_WARN_UNGUARDED_AVAILABILITY = YES_AGGRESSIVE;
				CLANG_WARN_UNREACHABLE_CODE = YES;
				CLANG_WARN__DUPLICATE_METHOD_MATCH = YES;
				COPY_PHASE_STRIP = NO;
				DEBUG_INFORMATION_FORMAT = "dwarf-with-dsym";
				ENABLE_NS_ASSERTIONS = NO;
				ENABLE_STRICT_OBJC_MSGSEND = YES;
				GCC_C_LANGUAGE_STANDARD = gnu11;
				GCC_NO_COMMON_BLOCKS = YES;
				GCC_WARN_64_TO_32_BIT_CONVERSION = YES;
				GCC_WARN_ABOUT_RETURN_TYPE = YES_ERROR;
				GCC_WARN_UNDECLARED_SELECTOR = YES;
				GCC_WARN_UNINITIALIZED_AUTOS = YES_AGGRESSIVE;
				GCC_WARN_UNUSED_FUNCTION = YES;
				GCC_WARN_UNUSED_VARIABLE = YES;
				IPHONEOS_DEPLOYMENT_TARGET = 16.2;
				MTL_ENABLE_DEBUG_INFO = NO;
				MTL_FAST_MATH = YES;
				SDKROOT = iphoneos;
				SWIFT_COMPILATION_MODE = wholemodule;
				SWIFT_OPTIMIZATION_LEVEL = "-O";
				VALIDATE_PRODUCT = YES;
			};
			name = Release;
		};
		283537E92B82D34800615596 /* Debug */ = {
			isa = XCBuildConfiguration;
			buildSettings = {
				ASSETCATALOG_COMPILER_APPICON_NAME = AppIcon;
				ASSETCATALOG_COMPILER_GLOBAL_ACCENT_COLOR_NAME = AccentColor;
				CODE_SIGN_STYLE = Automatic;
				CURRENT_PROJECT_VERSION = 1;
				DEVELOPMENT_TEAM = QLTN58446L;
				GENERATE_INFOPLIST_FILE = YES;
				INFOPLIST_FILE = Assignment6_TableView_Bigem/Info.plist;
				INFOPLIST_KEY_UIApplicationSupportsIndirectInputEvents = YES;
				INFOPLIST_KEY_UILaunchStoryboardName = LaunchScreen;
				INFOPLIST_KEY_UIMainStoryboardFile = Main;
				INFOPLIST_KEY_UISupportedInterfaceOrientations_iPad = "UIInterfaceOrientationPortrait UIInterfaceOrientationPortraitUpsideDown UIInterfaceOrientationLandscapeLeft UIInterfaceOrientationLandscapeRight";
				INFOPLIST_KEY_UISupportedInterfaceOrientations_iPhone = "UIInterfaceOrientationPortrait UIInterfaceOrientationLandscapeLeft UIInterfaceOrientationLandscapeRight";
				LD_RUNPATH_SEARCH_PATHS = (
					"$(inherited)",
					"@executable_path/Frameworks",
				);
				MARKETING_VERSION = 1.0;
				PRODUCT_BUNDLE_IDENTIFIER = "com.tableview.assignment6.Assignment6-TableView-Bigem";
				PRODUCT_NAME = "$(TARGET_NAME)";
				SWIFT_EMIT_LOC_STRINGS = YES;
				SWIFT_VERSION = 5.0;
				TARGETED_DEVICE_FAMILY = "1,2";
			};
			name = Debug;
		};
		283537EA2B82D34800615596 /* Release */ = {
			isa = XCBuildConfiguration;
			buildSettings = {
				ASSETCATALOG_COMPILER_APPICON_NAME = AppIcon;
				ASSETCATALOG_COMPILER_GLOBAL_ACCENT_COLOR_NAME = AccentColor;
				CODE_SIGN_STYLE = Automatic;
				CURRENT_PROJECT_VERSION = 1;
				DEVELOPMENT_TEAM = QLTN58446L;
				GENERATE_INFOPLIST_FILE = YES;
				INFOPLIST_FILE = Assignment6_TableView_Bigem/Info.plist;
				INFOPLIST_KEY_UIApplicationSupportsIndirectInputEvents = YES;
				INFOPLIST_KEY_UILaunchStoryboardName = LaunchScreen;
				INFOPLIST_KEY_UIMainStoryboardFile = Main;
				INFOPLIST_KEY_UISupportedInterfaceOrientations_iPad = "UIInterfaceOrientationPortrait UIInterfaceOrientationPortraitUpsideDown UIInterfaceOrientationLandscapeLeft UIInterfaceOrientationLandscapeRight";
				INFOPLIST_KEY_UISupportedInterfaceOrientations_iPhone = "UIInterfaceOrientationPortrait UIInterfaceOrientationLandscapeLeft UIInterfaceOrientationLandscapeRight";
				LD_RUNPATH_SEARCH_PATHS = (
					"$(inherited)",
					"@executable_path/Frameworks",
				);
				MARKETING_VERSION = 1.0;
				PRODUCT_BUNDLE_IDENTIFIER = "com.tableview.assignment6.Assignment6-TableView-Bigem";
				PRODUCT_NAME = "$(TARGET_NAME)";
				SWIFT_EMIT_LOC_STRINGS = YES;
				SWIFT_VERSION = 5.0;
				TARGETED_DEVICE_FAMILY = "1,2";
			};
			name = Release;
		};
/* End XCBuildConfiguration section */

/* Begin XCConfigurationList section */
		283537CC2B82D34700615596 /* Build configuration list for PBXProject "Assignment6_TableView_Bigem" */ = {
			isa = XCConfigurationList;
			buildConfigurations = (
				283537E62B82D34800615596 /* Debug */,
				283537E72B82D34800615596 /* Release */,
			);
			defaultConfigurationIsVisible = 0;
			defaultConfigurationName = Release;
		};
		283537E82B82D34800615596 /* Build configuration list for PBXNativeTarget "Assignment6_TableView_Bigem" */ = {
			isa = XCConfigurationList;
			buildConfigurations = (
				283537E92B82D34800615596 /* Debug */,
				283537EA2B82D34800615596 /* Release */,
			);
			defaultConfigurationIsVisible = 0;
			defaultConfigurationName = Release;
		};
/* End XCConfigurationList section */

/* Begin XCVersionGroup section */
		283537DD2B82D34700615596 /* Assignment6_TableView_Bigem.xcdatamodeld */ = {
			isa = XCVersionGroup;
			children = (
				283537DE2B82D34700615596 /* Assignment6_TableView_Bigem.xcdatamodel */,
			);
			currentVersion = 283537DE2B82D34700615596 /* Assignment6_TableView_Bigem.xcdatamodel */;
			path = Assignment6_TableView_Bigem.xcdatamodeld;
			sourceTree = "<group>";
			versionGroupType = wrapper.xcdatamodel;
		};
/* End XCVersionGroup section */
	};
	rootObject = 283537C92B82D34700615596 /* Project object */;
}
